# This file is automatically @generated by Poetry 1.8.3 and should not be changed by hand.
# Temporary empty lockfile: forces GitHub's dependency graph to drop the stale
# backend/poetry.lock manifest left over from the uv migration (#3844).
# It will be deleted right after the graph reprocesses it.
package = []

[metadata]
lock-version = "2.0"
python-versions = ">=3.12"
content-hash = "e3b0c44298fc1c149afbf4c8996fb92427ae41e4649b934ca495991b7852b855"
